{
  "nodes": {
    "brew-src": {
      "flake": false,
      "locked": {
        "lastModified": 1749511373,
        "narHash": "sha256-7u1TdHQaUCzzgf/n8T3bQosuYXyNBEPU/3WQQqozE5o=",
        "owner": "Homebrew",
        "repo": "brew",
        "rev": "7b4ef99fed96966269ee35994407fa4c06097a4d",
        "type": "github"
      },
      "original": {
        "owner": "Homebrew",
        "ref": "4.5.6",
        "repo": "brew",
        "type": "github"
      }
    },
    "home-manager": {
      "inputs": {
        "nixpkgs": [
          "nixpkgs"
        ]
      },
      "locked": {
        "lastModified": 1750614446,
        "narHash": "sha256-6WH0aRFay79r775RuTqUcnoZNm6A4uHxU1sbcNIk63s=",
        "owner": "nix-community",
        "repo": "home-manager",
        "rev": "7c35504839f915abec86a96435b881ead7eb6a2b",
        "type": "github"
      },
      "original": {
        "owner": "nix-community",
        "ref": "master",
        "repo": "home-manager",
        "type": "github"
      }
    },
    "homebrew-cask": {
      "flake": false,
      "locked": {
        "lastModified": 1750634676,
        "narHash": "sha256-4qlnIxEY3711rRDTsYpszf/559hAUwRAsaHlGBlgnVU=",
        "owner": "homebrew",
        "repo": "homebrew-cask",
        "rev": "859cac43c6cdf031e738ede86d17d8eac16b9139",
        "type": "github"
      },
      "original": {
        "owner": "homebrew",
        "repo": "homebrew-cask",
        "type": "github"
      }
    },
    "homebrew-core": {
      "flake": false,
      "locked": {
        "lastModified": 1750631070,
        "narHash": "sha256-J00kdYYqMW8bzhwunqnmKgTjBqGLzrGFoJlDCTbXEe8=",
        "owner": "homebrew",
        "repo": "homebrew-core",
        "rev": "0ceae1f5c725d598fbdcac7752c8ff177f21315c",
        "type": "github"
      },
      "original": {
        "owner": "homebrew",
        "repo": "homebrew-core",
        "type": "github"
      }
    },
    "nix-darwin": {
      "inputs": {
        "nixpkgs": [
          "nixpkgs"
        ]
      },
      "locked": {
        "lastModified": 1750618568,
        "narHash": "sha256-w9EG5FOXrjXGfbqCcQg9x1lMnTwzNDW5BMXp8ddy15E=",
        "owner": "nix-darwin",
        "repo": "nix-darwin",
        "rev": "1dd19f19e4b53a1fd2e8e738a08dd5fe635ec7e5",
        "type": "github"
      },
      "original": {
        "owner": "nix-darwin",
        "ref": "master",
        "repo": "nix-darwin",
        "type": "github"
      }
    },
    "nix-homebrew": {
      "inputs": {
        "brew-src": "brew-src"
      },
      "locked": {
        "lastModified": 1749952250,
        "narHash": "sha256-V2ix0knpdJXirQ+4pjbnggjdSALTsFWGIP/NDpaQkdU=",
        "owner": "zhaofengli",
        "repo": "nix-homebrew",
        "rev": "37126f06f4890f019af3d7606ce5d30a457afcd0",
        "type": "github"
      },
      "original": {
        "owner": "zhaofengli",
        "repo": "nix-homebrew",
        "type": "github"
      }
    },
    "nixpkgs": {
      "locked": {
        "lastModified": 1750386251,
        "narHash": "sha256-1ovgdmuDYVo5OUC5NzdF+V4zx2uT8RtsgZahxidBTyw=",
        "owner": "NixOS",
        "repo": "nixpkgs",
        "rev": "076e8c6678d8c54204abcb4b1b14c366835a58bb",
        "type": "github"
      },
      "original": {
        "owner": "NixOS",
        "ref": "nixpkgs-unstable",
        "repo": "nixpkgs",
        "type": "github"
      }
    },
    "root": {
      "inputs": {
        "home-manager": "home-manager",
        "homebrew-cask": "homebrew-cask",
        "homebrew-core": "homebrew-core",
        "nix-darwin": "nix-darwin",
        "nix-homebrew": "nix-homebrew",
        "nixpkgs": "nixpkgs"
      }
    }
  },
  "root": "root",
  "version": 7
}
